
Microsoft Visual Studio Solution File, Format Version 12.00
# Visual Studio 2012
Project("{FAE04EC0-301F-11D3-BF4B-00C04F79EFBC}") = "MvcDemo.Web.UI", "MvcDemo.Web.UI\MvcDemo.Web.UI.csproj", "{983E6AF9-D075-4BF1-893C-98C5A0ECBCA4}"
	ProjectSection(ProjectDependencies) = postProject
		{61395B87-C5B9-4B1E-9BC1-DA2F2EF691DE} = {61395B87-C5B9-4B1E-9BC1-DA2F2EF691DE}
	EndProjectSection
EndProject
Project("{FAE04EC0-301F-11D3-BF4B-00C04F79EFBC}") = "MvcDemo.Web.UI.Tests", "MvcDemo.Web.UI.Tests\MvcDemo.Web.UI.Tests.csproj", "{F552D224-A9D2-4E7E-ACBF-D948FD553D59}"
EndProject
Project("{2150E333-8FDC-42A3-9474-1A3956D46DE8}") = "UI", "UI", "{A2D6BC4E-74A4-4FDF-A080-5A26F10AB185}"
EndProject
Project("{2150E333-8FDC-42A3-9474-1A3956D46DE8}") = "DAL", "DAL", "{9C339F56-3D26-43C9-AE81-946BF0A154C6}"
EndProject
Project("{FAE04EC0-301F-11D3-BF4B-00C04F79EFBC}") = "MvcDemo.Model.Entities", "..\MvcDemo.Model.Entities\MvcDemo.Model.Entities.csproj", "{A45D30D1-AAD9-42A9-B54D-9DC88BF06F73}"
EndProject
Project("{FAE04EC0-301F-11D3-BF4B-00C04F79EFBC}") = "MvcDemo.Model.Repository", "..\MvcDemo.Model.Repository\MvcDemo.Model.Repository.csproj", "{B7292D80-5AD8-4557-B5E3-0362B6A721CE}"
EndProject
Project("{2150E333-8FDC-42A3-9474-1A3956D46DE8}") = "Core", "Core", "{5AF268CF-B89D-4FF7-87D1-D9F013F157C3}"
EndProject
Project("{FAE04EC0-301F-11D3-BF4B-00C04F79EFBC}") = "MvcDemo.Core.Common", "..\MvcDemo.Core.Common\MvcDemo.Core.Common.csproj", "{3D18C615-9B5E-41D2-8A8D-A01702C2E3AB}"
EndProject
Project("{FAE04EC0-301F-11D3-BF4B-00C04F79EFBC}") = "MvcDemo.Core.ClientManagement", "..\MvcDemo.Core.ClientManagement\MvcDemo.Core.ClientManagement.csproj", "{22675DFC-A2DA-4DCB-A72E-D5E5F0CCAE1E}"
EndProject
Project("{2150E333-8FDC-42A3-9474-1A3956D46DE8}") = "Services", "Services", "{04C74642-249F-4B68-966C-DB8D6FCDBF9A}"
EndProject
Project("{FAE04EC0-301F-11D3-BF4B-00C04F79EFBC}") = "MvcDemo.Services.ClientManagement", "..\MvcDemo.Services.ClientManagement\MvcDemo.Services.ClientManagement.csproj", "{E7F2E731-8F46-468D-8CF3-D0477F053D8A}"
EndProject
Project("{FAE04EC0-301F-11D3-BF4B-00C04F79EFBC}") = "MvcDemo.Services.ClientManagementImpl", "..\MvcDemo.Services.ClientManagementImpl\MvcDemo.Services.ClientManagementImpl.csproj", "{5333D301-7DB1-4652-9249-2912ED9FF584}"
EndProject
Project("{2150E333-8FDC-42A3-9474-1A3956D46DE8}") = "WcfHost", "WcfHost", "{6A2DFBD8-A831-4C0C-B3A5-BAE4D1481CC7}"
EndProject
Project("{FAE04EC0-301F-11D3-BF4B-00C04F79EFBC}") = "MvcDemo.Services.Host", "..\MvcDemo.Services.Host\MvcDemo.Services.Host.csproj", "{61395B87-C5B9-4B1E-9BC1-DA2F2EF691DE}"
EndProject
Project("{2150E333-8FDC-42A3-9474-1A3956D46DE8}") = "Framework", "Framework", "{8E701AD6-3A3B-4D04-B7F7-924747F940D6}"
EndProject
Project("{FAE04EC0-301F-11D3-BF4B-00C04F79EFBC}") = "MvcDemo.Framework.Wcf.ServiceManager", "..\MvcDemo.Framework.Wcf.ServiceManager\MvcDemo.Framework.Wcf.ServiceManager.csproj", "{C2C9B4AC-8E5B-4D97-91BA-8FED9095EE0F}"
EndProject
Project("{FAE04EC0-301F-11D3-BF4B-00C04F79EFBC}") = "MvcDemo.Services.AccountManagement", "..\MvcDemo.Services.AccountManagement\MvcDemo.Services.AccountManagement.csproj", "{15B3E0D2-6217-493A-A690-158C497F5318}"
EndProject
Project("{FAE04EC0-301F-11D3-BF4B-00C04F79EFBC}") = "MvcDemo.Services.AccountManagementImpl", "..\MvcDemo.Services.AccountManagementImpl\MvcDemo.Services.AccountManagementImpl.csproj", "{7484213B-D1C4-46C1-AA2E-CD522E08DFED}"
EndProject
Project("{FAE04EC0-301F-11D3-BF4B-00C04F79EFBC}") = "MvcDemo.Core.AccountManagement", "..\MvcDemo.Core.AccountManagement\MvcDemo.Core.AccountManagement.csproj", "{F48C9133-C767-4A60-8A0D-3E5DD27719CF}"
EndProject
Project("{FAE04EC0-301F-11D3-BF4B-00C04F79EFBC}") = "MvcDemo.Framework.Secutiry", "..\MvcDemo.Framework.Secutiry\MvcDemo.Framework.Secutiry.csproj", "{39AF3C66-6025-4C6D-9446-E4AE8FC45FDB}"
EndProject
Project("{FAE04EC0-301F-11D3-BF4B-00C04F79EFBC}") = "MvcDemo.Framework.Cache", "..\MvcDemo.Framework.Cache\MvcDemo.Framework.Cache.csproj", "{1FBB1435-9F71-4B7B-B18A-B1CC0F19513E}"
EndProject
Global
	GlobalSection(SolutionConfigurationPlatforms) = preSolution
		Debug|Any CPU = Debug|Any CPU
		Release|Any CPU = Release|Any CPU
	EndGlobalSection
	GlobalSection(ProjectConfigurationPlatforms) = postSolution
		{983E6AF9-D075-4BF1-893C-98C5A0ECBCA4}.Debug|Any CPU.ActiveCfg = Debug|Any CPU
		{983E6AF9-D075-4BF1-893C-98C5A0ECBCA4}.Debug|Any CPU.Build.0 = Debug|Any CPU
		{983E6AF9-D075-4BF1-893C-98C5A0ECBCA4}.Release|Any CPU.ActiveCfg = Release|Any CPU
		{983E6AF9-D075-4BF1-893C-98C5A0ECBCA4}.Release|Any CPU.Build.0 = Release|Any CPU
		{F552D224-A9D2-4E7E-ACBF-D948FD553D59}.Debug|Any CPU.ActiveCfg = Debug|Any CPU
		{F552D224-A9D2-4E7E-ACBF-D948FD553D59}.Debug|Any CPU.Build.0 = Debug|Any CPU
		{F552D224-A9D2-4E7E-ACBF-D948FD553D59}.Release|Any CPU.ActiveCfg = Release|Any CPU
		{F552D224-A9D2-4E7E-ACBF-D948FD553D59}.Release|Any CPU.Build.0 = Release|Any CPU
		{A45D30D1-AAD9-42A9-B54D-9DC88BF06F73}.Debug|Any CPU.ActiveCfg = Debug|Any CPU
		{A45D30D1-AAD9-42A9-B54D-9DC88BF06F73}.Debug|Any CPU.Build.0 = Debug|Any CPU
		{A45D30D1-AAD9-42A9-B54D-9DC88BF06F73}.Release|Any CPU.ActiveCfg = Release|Any CPU
		{A45D30D1-AAD9-42A9-B54D-9DC88BF06F73}.Release|Any CPU.Build.0 = Release|Any CPU
		{B7292D80-5AD8-4557-B5E3-0362B6A721CE}.Debug|Any CPU.ActiveCfg = Debug|Any CPU
		{B7292D80-5AD8-4557-B5E3-0362B6A721CE}.Debug|Any CPU.Build.0 = Debug|Any CPU
		{B7292D80-5AD8-4557-B5E3-0362B6A721CE}.Release|Any CPU.ActiveCfg = Release|Any CPU
		{B7292D80-5AD8-4557-B5E3-0362B6A721CE}.Release|Any CPU.Build.0 = Release|Any CPU
		{3D18C615-9B5E-41D2-8A8D-A01702C2E3AB}.Debug|Any CPU.ActiveCfg = Debug|Any CPU
		{3D18C615-9B5E-41D2-8A8D-A01702C2E3AB}.Debug|Any CPU.Build.0 = Debug|Any CPU
		{3D18C615-9B5E-41D2-8A8D-A01702C2E3AB}.Release|Any CPU.ActiveCfg = Release|Any CPU
		{3D18C615-9B5E-41D2-8A8D-A01702C2E3AB}.Release|Any CPU.Build.0 = Release|Any CPU
		{22675DFC-A2DA-4DCB-A72E-D5E5F0CCAE1E}.Debug|Any CPU.ActiveCfg = Debug|Any CPU
		{22675DFC-A2DA-4DCB-A72E-D5E5F0CCAE1E}.Debug|Any CPU.Build.0 = Debug|Any CPU
		{22675DFC-A2DA-4DCB-A72E-D5E5F0CCAE1E}.Release|Any CPU.ActiveCfg = Release|Any CPU
		{22675DFC-A2DA-4DCB-A72E-D5E5F0CCAE1E}.Release|Any CPU.Build.0 = Release|Any CPU
		{E7F2E731-8F46-468D-8CF3-D0477F053D8A}.Debug|Any CPU.ActiveCfg = Debug|Any CPU
		{E7F2E731-8F46-468D-8CF3-D0477F053D8A}.Debug|Any CPU.Build.0 = Debug|Any CPU
		{E7F2E731-8F46-468D-8CF3-D0477F053D8A}.Release|Any CPU.ActiveCfg = Release|Any CPU
		{E7F2E731-8F46-468D-8CF3-D0477F053D8A}.Release|Any CPU.Build.0 = Release|Any CPU
		{5333D301-7DB1-4652-9249-2912ED9FF584}.Debug|Any CPU.ActiveCfg = Debug|Any CPU
		{5333D301-7DB1-4652-9249-2912ED9FF584}.Debug|Any CPU.Build.0 = Debug|Any CPU
		{5333D301-7DB1-4652-9249-2912ED9FF584}.Release|Any CPU.ActiveCfg = Release|Any CPU
		{5333D301-7DB1-4652-9249-2912ED9FF584}.Release|Any CPU.Build.0 = Release|Any CPU
		{61395B87-C5B9-4B1E-9BC1-DA2F2EF691DE}.Debug|Any CPU.ActiveCfg = Debug|Any CPU
		{61395B87-C5B9-4B1E-9BC1-DA2F2EF691DE}.Debug|Any CPU.Build.0 = Debug|Any CPU
		{61395B87-C5B9-4B1E-9BC1-DA2F2EF691DE}.Release|Any CPU.ActiveCfg = Release|Any CPU
		{61395B87-C5B9-4B1E-9BC1-DA2F2EF691DE}.Release|Any CPU.Build.0 = Release|Any CPU
		{C2C9B4AC-8E5B-4D97-91BA-8FED9095EE0F}.Debug|Any CPU.ActiveCfg = Debug|Any CPU
		{C2C9B4AC-8E5B-4D97-91BA-8FED9095EE0F}.Debug|Any CPU.Build.0 = Debug|Any CPU
		{C2C9B4AC-8E5B-4D97-91BA-8FED9095EE0F}.Release|Any CPU.ActiveCfg = Release|Any CPU
		{C2C9B4AC-8E5B-4D97-91BA-8FED9095EE0F}.Release|Any CPU.Build.0 = Release|Any CPU
		{15B3E0D2-6217-493A-A690-158C497F5318}.Debug|Any CPU.ActiveCfg = Debug|Any CPU
		{15B3E0D2-6217-493A-A690-158C497F5318}.Debug|Any CPU.Build.0 = Debug|Any CPU
		{15B3E0D2-6217-493A-A690-158C497F5318}.Release|Any CPU.ActiveCfg = Release|Any CPU
		{15B3E0D2-6217-493A-A690-158C497F5318}.Release|Any CPU.Build.0 = Release|Any CPU
		{7484213B-D1C4-46C1-AA2E-CD522E08DFED}.Debug|Any CPU.ActiveCfg = Debug|Any CPU
		{7484213B-D1C4-46C1-AA2E-CD522E08DFED}.Debug|Any CPU.Build.0 = Debug|Any CPU
		{7484213B-D1C4-46C1-AA2E-CD522E08DFED}.Release|Any CPU.ActiveCfg = Release|Any CPU
		{7484213B-D1C4-46C1-AA2E-CD522E08DFED}.Release|Any CPU.Build.0 = Release|Any CPU
		{F48C9133-C767-4A60-8A0D-3E5DD27719CF}.Debug|Any CPU.ActiveCfg = Debug|Any CPU
		{F48C9133-C767-4A60-8A0D-3E5DD27719CF}.Debug|Any CPU.Build.0 = Debug|Any CPU
		{F48C9133-C767-4A60-8A0D-3E5DD27719CF}.Release|Any CPU.ActiveCfg = Release|Any CPU
		{F48C9133-C767-4A60-8A0D-3E5DD27719CF}.Release|Any CPU.Build.0 = Release|Any CPU
		{39AF3C66-6025-4C6D-9446-E4AE8FC45FDB}.Debug|Any CPU.ActiveCfg = Debug|Any CPU
		{39AF3C66-6025-4C6D-9446-E4AE8FC45FDB}.Debug|Any CPU.Build.0 = Debug|Any CPU
		{39AF3C66-6025-4C6D-9446-E4AE8FC45FDB}.Release|Any CPU.ActiveCfg = Release|Any CPU
		{39AF3C66-6025-4C6D-9446-E4AE8FC45FDB}.Release|Any CPU.Build.0 = Release|Any CPU
		{1FBB1435-9F71-4B7B-B18A-B1CC0F19513E}.Debug|Any CPU.ActiveCfg = Debug|Any CPU
		{1FBB1435-9F71-4B7B-B18A-B1CC0F19513E}.Debug|Any CPU.Build.0 = Debug|Any CPU
		{1FBB1435-9F71-4B7B-B18A-B1CC0F19513E}.Release|Any CPU.ActiveCfg = Release|Any CPU
		{1FBB1435-9F71-4B7B-B18A-B1CC0F19513E}.Release|Any CPU.Build.0 = Release|Any CPU
	EndGlobalSection
	GlobalSection(SolutionProperties) = preSolution
		HideSolutionNode = FALSE
	EndGlobalSection
	GlobalSection(NestedProjects) = preSolution
		{F552D224-A9D2-4E7E-ACBF-D948FD553D59} = {A2D6BC4E-74A4-4FDF-A080-5A26F10AB185}
		{983E6AF9-D075-4BF1-893C-98C5A0ECBCA4} = {A2D6BC4E-74A4-4FDF-A080-5A26F10AB185}
		{A45D30D1-AAD9-42A9-B54D-9DC88BF06F73} = {9C339F56-3D26-43C9-AE81-946BF0A154C6}
		{B7292D80-5AD8-4557-B5E3-0362B6A721CE} = {9C339F56-3D26-43C9-AE81-946BF0A154C6}
		{3D18C615-9B5E-41D2-8A8D-A01702C2E3AB} = {5AF268CF-B89D-4FF7-87D1-D9F013F157C3}
		{22675DFC-A2DA-4DCB-A72E-D5E5F0CCAE1E} = {5AF268CF-B89D-4FF7-87D1-D9F013F157C3}
		{F48C9133-C767-4A60-8A0D-3E5DD27719CF} = {5AF268CF-B89D-4FF7-87D1-D9F013F157C3}
		{E7F2E731-8F46-468D-8CF3-D0477F053D8A} = {04C74642-249F-4B68-966C-DB8D6FCDBF9A}
		{5333D301-7DB1-4652-9249-2912ED9FF584} = {04C74642-249F-4B68-966C-DB8D6FCDBF9A}
		{15B3E0D2-6217-493A-A690-158C497F5318} = {04C74642-249F-4B68-966C-DB8D6FCDBF9A}
		{7484213B-D1C4-46C1-AA2E-CD522E08DFED} = {04C74642-249F-4B68-966C-DB8D6FCDBF9A}
		{61395B87-C5B9-4B1E-9BC1-DA2F2EF691DE} = {6A2DFBD8-A831-4C0C-B3A5-BAE4D1481CC7}
		{C2C9B4AC-8E5B-4D97-91BA-8FED9095EE0F} = {8E701AD6-3A3B-4D04-B7F7-924747F940D6}
		{39AF3C66-6025-4C6D-9446-E4AE8FC45FDB} = {8E701AD6-3A3B-4D04-B7F7-924747F940D6}
		{1FBB1435-9F71-4B7B-B18A-B1CC0F19513E} = {8E701AD6-3A3B-4D04-B7F7-924747F940D6}
	EndGlobalSection
EndGlobal
